# This file is automatically @generated by Cargo.
# It is not intended for manual editing.
version = 4

[[package]]
name = "db-asm"
version = "0.1.0"
dependencies = [
 "db-contracts",
]

[[package]]
name = "db-contracts"
version = "0.1.0"

[[package]]
name = "db-core"
version = "0.1.0"
dependencies = [
 "db-contracts",
]

[[package]]
name = "db-gpu"
version = "0.1.0"
dependencies = [
 "db-contracts",
]

[[package]]
name = "db-linker"
version = "0.1.0"
dependencies = [
 "db-asm",
]

[[package]]
name = "db-spu"
version = "0.1.0"
dependencies = [
 "db-contracts",
 "db-gpu",
]

[[package]]
name = "db-video"
version = "0.1.0"
dependencies = [
 "db-contracts",
]

[[package]]
name = "db-wasm"
version = "0.1.0"
dependencies = [
 "db-asm",
 "db-contracts",
 "db-core",
 "db-gpu",
 "db-spu",
 "db-video",
]
